{
    "name": "revise-and-resubmit-cc",
    "version": "2.1.5",
    "lockfileVersion": 3,
    "requires": true,
    "packages": {
        "": {
            "name": "revise-and-resubmit-cc",
            "version": "2.1.5",
            "license": "MIT",
            "bin": {
                "revise-and-resubmit-cc": "bin/install.js"
            }
        }
    }
}
